
Microsoft Visual Studio Solution File, Format Version 12.00
# Visual Studio Version 16
VisualStudioVersion = 16.0.31410.357
MinimumVisualStudioVersion = 10.0.40219.1
Project("{8BC9CEB8-8B4A-11D0-8D11-00A0C91BC942}") = "ocpplib", "ocpp\ocpp.vcxproj", "{15B031AC-A404-4064-BE4E-CD5705B6293C}"
EndProject
Project("{8BC9CEB8-8B4A-11D0-8D11-00A0C91BC942}") = "util", "util\util.vcxproj", "{72430015-06C0-42A2-B9EC-D0E5E2EAE83D}"
EndProject
Project("{8BC9CEB8-8B4A-11D0-8D11-00A0C91BC942}") = "orc", "orc\orc.vcxproj", "{96F30DDE-3FB2-4FBB-9FEA-5A2B43967F1D}"
EndProject
Project("{8BC9CEB8-8B4A-11D0-8D11-00A0C91BC942}") = "ocppexe", "ocpp\ocppexe.vcxproj", "{95FD1874-6C55-4876-B12D-4E88F6D506AD}"
EndProject
Global
	GlobalSection(SolutionConfigurationPlatforms) = preSolution
		Debug|Win32 = Debug|Win32
		Debug|x64 = Debug|x64
		Release|Win32 = Release|Win32
		Release|x64 = Release|x64
	EndGlobalSection
	GlobalSection(ProjectConfigurationPlatforms) = postSolution
		{15B031AC-A404-4064-BE4E-CD5705B6293C}.Debug|Win32.ActiveCfg = Debug|Win32
		{15B031AC-A404-4064-BE4E-CD5705B6293C}.Debug|Win32.Build.0 = Debug|Win32
		{15B031AC-A404-4064-BE4E-CD5705B6293C}.Debug|x64.ActiveCfg = Debug|x64
		{15B031AC-A404-4064-BE4E-CD5705B6293C}.Debug|x64.Build.0 = Debug|x64
		{15B031AC-A404-4064-BE4E-CD5705B6293C}.Release|Win32.ActiveCfg = Release|Win32
		{15B031AC-A404-4064-BE4E-CD5705B6293C}.Release|Win32.Build.0 = Release|Win32
		{15B031AC-A404-4064-BE4E-CD5705B6293C}.Release|x64.ActiveCfg = Release|x64
		{15B031AC-A404-4064-BE4E-CD5705B6293C}.Release|x64.Build.0 = Release|x64
		{72430015-06C0-42A2-B9EC-D0E5E2EAE83D}.Debug|Win32.ActiveCfg = Debug|Win32
		{72430015-06C0-42A2-B9EC-D0E5E2EAE83D}.Debug|Win32.Build.0 = Debug|Win32
		{72430015-06C0-42A2-B9EC-D0E5E2EAE83D}.Debug|x64.ActiveCfg = Debug|x64
		{72430015-06C0-42A2-B9EC-D0E5E2EAE83D}.Debug|x64.Build.0 = Debug|x64
		{72430015-06C0-42A2-B9EC-D0E5E2EAE83D}.Release|Win32.ActiveCfg = Release|Win32
		{72430015-06C0-42A2-B9EC-D0E5E2EAE83D}.Release|Win32.Build.0 = Release|Win32
		{72430015-06C0-42A2-B9EC-D0E5E2EAE83D}.Release|x64.ActiveCfg = Release|x64
		{72430015-06C0-42A2-B9EC-D0E5E2EAE83D}.Release|x64.Build.0 = Release|x64
		{96F30DDE-3FB2-4FBB-9FEA-5A2B43967F1D}.Debug|Win32.ActiveCfg = Debug|Win32
		{96F30DDE-3FB2-4FBB-9FEA-5A2B43967F1D}.Debug|Win32.Build.0 = Debug|Win32
		{96F30DDE-3FB2-4FBB-9FEA-5A2B43967F1D}.Debug|x64.ActiveCfg = Debug|x64
		{96F30DDE-3FB2-4FBB-9FEA-5A2B43967F1D}.Debug|x64.Build.0 = Debug|x64
		{96F30DDE-3FB2-4FBB-9FEA-5A2B43967F1D}.Release|Win32.ActiveCfg = Release|Win32
		{96F30DDE-3FB2-4FBB-9FEA-5A2B43967F1D}.Release|Win32.Build.0 = Release|Win32
		{96F30DDE-3FB2-4FBB-9FEA-5A2B43967F1D}.Release|x64.ActiveCfg = Release|x64
		{96F30DDE-3FB2-4FBB-9FEA-5A2B43967F1D}.Release|x64.Build.0 = Release|x64
		{95FD1874-6C55-4876-B12D-4E88F6D506AD}.Debug|Win32.ActiveCfg = Debug|Win32
		{95FD1874-6C55-4876-B12D-4E88F6D506AD}.Debug|Win32.Build.0 = Debug|Win32
		{95FD1874-6C55-4876-B12D-4E88F6D506AD}.Debug|x64.ActiveCfg = Debug|x64
		{95FD1874-6C55-4876-B12D-4E88F6D506AD}.Debug|x64.Build.0 = Debug|x64
		{95FD1874-6C55-4876-B12D-4E88F6D506AD}.Release|Win32.ActiveCfg = Release|Win32
		{95FD1874-6C55-4876-B12D-4E88F6D506AD}.Release|Win32.Build.0 = Release|Win32
		{95FD1874-6C55-4876-B12D-4E88F6D506AD}.Release|x64.ActiveCfg = Release|x64
		{95FD1874-6C55-4876-B12D-4E88F6D506AD}.Release|x64.Build.0 = Release|x64
	EndGlobalSection
	GlobalSection(SolutionProperties) = preSolution
		HideSolutionNode = FALSE
	EndGlobalSection
	GlobalSection(ExtensibilityGlobals) = postSolution
		SolutionGuid = {B1CBB2B0-63DA-4E55-9678-031F3127E97E}
	EndGlobalSection
EndGlobal
